lockfileVersion: '6.0'

devDependencies:
  typescript:
    specifier: ^5.0.4
    version: 5.0.4
  vite:
    specifier: ^4.3.8
    version: 4.3.8(@types/node@20.2.3)(less@4.1.3)(sass@1.62.1)(stylus@0.59.0)(sugarss@4.0.1)(terser@5.17.6)
  vite-node-dev:
    specifier: ^2.0.0
    version: registry.npmjs.org/vite-node-dev@2.0.0(@types/node@20.2.3)(less@4.1.3)(sass@1.62.1)(stylus@0.59.0)(sugarss@4.0.1)(terser@5.17.6)

packages:

  /@adobe/css-tools@4.2.0:
    resolution: {integrity: sha1-4ahPykaPSzN4Fvy38JZL62ILqFU=, tarball: http://npm.htsc/@adobe/css-tools/download/@adobe/css-tools-4.2.0.tgz}
    dev: true

  /@esbuild/android-arm64@0.17.19:
    resolution: {integrity: sha1-uvt1I0pdPRtpDnwpVqWZNF6Eov0=, tarball: http://npm.htsc/@esbuild/android-arm64/download/@esbuild/android-arm64-0.17.19.tgz}
    engines: {node: '>=12'}
    requiresBuild: true
    dev: true
    optional: true

  /@esbuild/android-arm@0.17.19:
    resolution: {integrity: sha1-WJj3gywimLx9CrU3AcV763TXi00=, tarball: http://npm.htsc/@esbuild/android-arm/download/@esbuild/android-arm-0.17.19.tgz}
    engines: {node: '>=12'}
    requiresBuild: true
    dev: true
    optional: true

  /@esbuild/android-x64@0.17.19:
    resolution: {integrity: sha1-ZYNo75IGeGbZX7JocZ+Y82PROuE=, tarball: http://npm.htsc/@esbuild/android-x64/download/@esbuild/android-x64-0.17.19.tgz}
    engines: {node: '>=12'}
    requiresBuild: true
    dev: true
    optional: true

  /@esbuild/darwin-arm64@0.17.19:
    resolution: {integrity: sha1-WEw0xZkbldTUjTMzALGk4v974nY=, tarball: http://npm.htsc/@esbuild/darwin-arm64/download/@esbuild/darwin-arm64-0.17.19.tgz}
    engines: {node: '>=12'}
    requiresBuild: true
    dev: true
    optional: true

  /@esbuild/darwin-x64@0.17.19:
    resolution: {integrity: sha1-d1HSNt/mzhNszjQ9zmn1LXa39ss=, tarball: http://npm.htsc/@esbuild/darwin-x64/download/@esbuild/darwin-x64-0.17.19.tgz}
    engines: {node: '>=12'}
    requiresBuild: true
    dev: true
    optional: true

  /@esbuild/freebsd-arm64@0.17.19:
    resolution: {integrity: sha1-ys0XFmXdHVAPRcFn1QxrflOdX9I=, tarball: http://npm.htsc/@esbuild/freebsd-arm64/download/@esbuild/freebsd-arm64-0.17.19.tgz}
    engines: {node: '>=12'}
    requiresBuild: true
    dev: true
    optional: true

  /@esbuild/freebsd-x64@0.17.19:
    resolution: {integrity: sha1-B2lFbu4qCLjZJdfAC3noYcsxYuQ=, tarball: http://npm.htsc/@esbuild/freebsd-x64/download/@esbuild/freebsd-x64-0.17.19.tgz}
    engines: {node: '>=12'}
    requiresBuild: true
    dev: true
    optional: true

  /@esbuild/linux-arm64@0.17.19:
    resolution: {integrity: sha1-OOFi7Lcjhixr4cJ9Y4n0iWC2jts=, tarball: http://npm.htsc/@esbuild/linux-arm64/download/@esbuild/linux-arm64-0.17.19.tgz}
    engines: {node: '>=12'}
    requiresBuild: true
    dev: true
    optional: true

  /@esbuild/linux-arm@0.17.19:
    resolution: {integrity: sha1-GizTmcUAQBhKgFF0ptiQl9nRVZo=, tarball: http://npm.htsc/@esbuild/linux-arm/download/@esbuild/linux-arm-0.17.19.tgz}
    engines: {node: '>=12'}
    requiresBuild: true
    dev: true
    optional: true

  /@esbuild/linux-ia32@0.17.19:
    resolution: {integrity: sha1-4owlJmsDbOHKvKPDAVUiKEHcA1o=, tarball: http://npm.htsc/@esbuild/linux-ia32/download/@esbuild/linux-ia32-0.17.19.tgz}
    engines: {node: '>=12'}
    requiresBuild: true
    dev: true
    optional: true

  /@esbuild/linux-loong64@0.17.19:
    resolution: {integrity: sha1-D4h7i7P5BljRoBFyg+VdvUydz3I=, tarball: http://npm.htsc/@esbuild/linux-loong64/download/@esbuild/linux-loong64-0.17.19.tgz}
    engines: {node: '>=12'}
    requiresBuild: true
    dev: true
    optional: true

  /@esbuild/linux-mips64el@0.17.19:
    resolution: {integrity: sha1-9dKguAR+qaXZ9ZKheOoFQFOnAok=, tarball: http://npm.htsc/@esbuild/linux-mips64el/download/@esbuild/linux-mips64el-0.17.19.tgz}
    engines: {node: '>=12'}
    requiresBuild: true
    dev: true
    optional: true

  /@esbuild/linux-ppc64@0.17.19:
    resolution: {integrity: sha1-h2WQ46y9n6f1eix9hvg3F9u6yMc=, tarball: http://npm.htsc/@esbuild/linux-ppc64/download/@esbuild/linux-ppc64-0.17.19.tgz}
    engines: {node: '>=12'}
    requiresBuild: true
    dev: true
    optional: true

  /@esbuild/linux-riscv64@0.17.19:
    resolution: {integrity: sha1-f0k3PfRjzZ9B3DT5siYtdxaIvwk=, tarball: http://npm.htsc/@esbuild/linux-riscv64/download/@esbuild/linux-riscv64-0.17.19.tgz}
    engines: {node: '>=12'}
    requiresBuild: true
    dev: true
    optional: true

  /@esbuild/linux-s390x@0.17.19:
    resolution: {integrity: sha1-4q/Rr8r2Ov4sfZzqzSjsV8d/iCk=, tarball: http://npm.htsc/@esbuild/linux-s390x/download/@esbuild/linux-s390x-0.17.19.tgz}
    engines: {node: '>=12'}
    requiresBuild: true
    dev: true
    optional: true

  /@esbuild/linux-x64@0.17.19:
    resolution: {integrity: sha1-ig6XOLFjXwxTOJ5RWug4Jt7CKqQ=, tarball: http://npm.htsc/@esbuild/linux-x64/download/@esbuild/linux-x64-0.17.19.tgz}
    engines: {node: '>=12'}
    requiresBuild: true
    dev: true
    optional: true

  /@esbuild/netbsd-x64@0.17.19:
    resolution: {integrity: sha1-wp+yRTxrfd75o14sGLN72hrlxGI=, tarball: http://npm.htsc/@esbuild/netbsd-x64/download/@esbuild/netbsd-x64-0.17.19.tgz}
    engines: {node: '>=12'}
    requiresBuild: true
    dev: true
    optional: true

  /@esbuild/openbsd-x64@0.17.19:
    resolution: {integrity: sha1-ledaORQDyxApcoDVJNZs4EySBpE=, tarball: http://npm.htsc/@esbuild/openbsd-x64/download/@esbuild/openbsd-x64-0.17.19.tgz}
    engines: {node: '>=12'}
    requiresBuild: true
    dev: true
    optional: true

  /@esbuild/sunos-x64@0.17.19:
    resolution: {integrity: sha1-ci6vBXuDwldZN9P/5a6xZUDacnM=, tarball: http://npm.htsc/@esbuild/sunos-x64/download/@esbuild/sunos-x64-0.17.19.tgz}
    engines: {node: '>=12'}
    requiresBuild: true
    dev: true
    optional: true

  /@esbuild/win32-arm64@0.17.19:
    resolution: {integrity: sha1-mqncB0OZKIvc3Sg0Q+mutrlVK28=, tarball: http://npm.htsc/@esbuild/win32-arm64/download/@esbuild/win32-arm64-0.17.19.tgz}
    engines: {node: '>=12'}
    requiresBuild: true
    dev: true
    optional: true

  /@esbuild/win32-ia32@0.17.19:
    resolution: {integrity: sha1-la1DxirWJIXiEPYpnHslceSNKwM=, tarball: http://npm.htsc/@esbuild/win32-ia32/download/@esbuild/win32-ia32-0.17.19.tgz}
    engines: {node: '>=12'}
    requiresBuild: true
    dev: true
    optional: true

  /@esbuild/win32-x64@0.17.19:
    resolution: {integrity: sha1-jPry/2A+mqu5EOnAVYwmzzJ0QGE=, tarball: http://npm.htsc/@esbuild/win32-x64/download/@esbuild/win32-x64-0.17.19.tgz}
    engines: {node: '>=12'}
    requiresBuild: true
    dev: true
    optional: true

  /@jridgewell/gen-mapping@0.3.3:
    resolution: {integrity: sha1-fgLm6135AartsIUUIDsJZhQCQJg=, tarball: http://npm.htsc/@jridgewell/gen-mapping/download/@jridgewell/gen-mapping-0.3.3.tgz}
    engines: {node: '>=6.0.0'}
    dependencies:
      '@jridgewell/set-array': 1.1.2
      '@jridgewell/sourcemap-codec': 1.4.15
      '@jridgewell/trace-mapping': 0.3.18
    dev: true

  /@jridgewell/resolve-uri@3.1.0:
    resolution: {integrity: sha1-IgOxGMFXchrd/mnUe3BGVGMGbXg=, tarball: http://npm.htsc/@jridgewell/resolve-uri/download/@jridgewell/resolve-uri-3.1.0.tgz}
    engines: {node: '>=6.0.0'}
    dev: true

  /@jridgewell/set-array@1.1.2:
    resolution: {integrity: sha1-fGz5mNbSC5FMClWpGuko/yWWXnI=, tarball: http://npm.htsc/@jridgewell/set-array/download/@jridgewell/set-array-1.1.2.tgz}
    engines: {node: '>=6.0.0'}
    dev: true

  /@jridgewell/source-map@0.3.3:
    resolution: {integrity: sha1-gQgmVlnUwz5y/+FOM9bMXrWfL9o=, tarball: http://npm.htsc/@jridgewell/source-map/download/@jridgewell/source-map-0.3.3.tgz}
    dependencies:
      '@jridgewell/gen-mapping': 0.3.3
      '@jridgewell/trace-mapping': 0.3.18
    dev: true

  /@jridgewell/sourcemap-codec@1.4.14:
    resolution: {integrity: sha1-rdTJjTQUcqKJGQtCTvvbCWmRuyQ=, tarball: http://npm.htsc/@jridgewell/sourcemap-codec/download/@jridgewell/sourcemap-codec-1.4.14.tgz}
    dev: true

  /@jridgewell/sourcemap-codec@1.4.15:
    resolution: {integrity: sha1-18bmdVx4VnqVHgSrUu8P0m3lnzI=, tarball: http://npm.htsc/@jridgewell/sourcemap-codec/download/@jridgewell/sourcemap-codec-1.4.15.tgz}
    dev: true

  /@jridgewell/trace-mapping@0.3.18:
    resolution: {integrity: sha1-JXg7IIba9v8dy1PJJJrkgOTdTNY=, tarball: http://npm.htsc/@jridgewell/trace-mapping/download/@jridgewell/trace-mapping-0.3.18.tgz}
    dependencies:
      '@jridgewell/resolve-uri': 3.1.0
      '@jridgewell/sourcemap-codec': 1.4.14
    dev: true

  /@types/node@20.2.3:
    resolution: {integrity: sha1-sx6zAGEMODWsAI1pDeb4fij5uHg=, tarball: http://npm.htsc/@types/node/download/@types/node-20.2.3.tgz}
    dev: true

  /acorn@8.8.2:
    resolution: {integrity: sha1-Gy8l2wKvllOZuXdrDCw5EnbTfEo=, tarball: http://npm.htsc/acorn/download/acorn-8.8.2.tgz}
    engines: {node: '>=0.4.0'}
    hasBin: true
    dev: true

  /anymatch@3.1.3:
    resolution: {integrity: sha1-eQxYsZuhcgqEIFtXxhjVrYUklz4=, tarball: http://npm.htsc/anymatch/download/anymatch-3.1.3.tgz}
    engines: {node: '>= 8'}
    dependencies:
      normalize-path: 3.0.0
      picomatch: 2.3.1
    dev: true

  /balanced-match@1.0.2:
    resolution: {integrity: sha1-6D46fj8wCzTLnYf2FfoMvzV2kO4=, tarball: http://npm.htsc/balanced-match/download/balanced-match-1.0.2.tgz}
    dev: true

  /binary-extensions@2.2.0:
    resolution: {integrity: sha1-dfUC7q+f/eQvyYgpZFvk6na9ni0=, tarball: http://npm.htsc/binary-extensions/download/binary-extensions-2.2.0.tgz}
    engines: {node: '>=8'}
    dev: true

  /brace-expansion@1.1.11:
    resolution: {integrity: sha1-PH/L9SnYcibz0vUrlm/1Jx60Qd0=, tarball: http://npm.htsc/brace-expansion/download/brace-expansion-1.1.11.tgz}
    dependencies:
      balanced-match: 1.0.2
      concat-map: 0.0.1
    dev: true

  /braces@3.0.2:
    resolution: {integrity: sha1-NFThpGLujVmeI23zNs2epPiv4Qc=, tarball: http://npm.htsc/braces/download/braces-3.0.2.tgz}
    engines: {node: '>=8'}
    dependencies:
      fill-range: 7.0.1
    dev: true

  /buffer-from@1.1.2:
    resolution: {integrity: sha1-KxRqb9cugLT1XSVfNe1Zo6mkG9U=, tarball: http://npm.htsc/buffer-from/download/buffer-from-1.1.2.tgz}
    dev: true

  /chokidar@3.5.3:
    resolution: {integrity: sha1-HPN8hwe5Mr0a8a4iwEMuKs0ZA70=, tarball: http://npm.htsc/chokidar/download/chokidar-3.5.3.tgz}
    engines: {node: '>= 8.10.0'}
    dependencies:
      anymatch: 3.1.3
      braces: 3.0.2
      glob-parent: 5.1.2
      is-binary-path: 2.1.0
      is-glob: 4.0.3
      normalize-path: 3.0.0
      readdirp: 3.6.0
    optionalDependencies:
      fsevents: 2.3.2
    dev: true

  /colorette@2.0.20:
    resolution: {integrity: sha1-nreT5oMwZ/cjWQL807CZF6AAqVo=, tarball: http://npm.htsc/colorette/download/colorette-2.0.20.tgz}
    dev: true

  /commander@2.20.3:
    resolution: {integrity: sha1-/UhehMA+tIgcIHIrpIA16FMa6zM=, tarball: http://npm.htsc/commander/download/commander-2.20.3.tgz}
    dev: true

  /commander@9.5.0:
    resolution: {integrity: sha1-vAjR61zt98y3l6lhmdQce8PmDTA=, tarball: http://npm.htsc/commander/download/commander-9.5.0.tgz}
    engines: {node: ^12.20.0 || >=14}
    dev: true

  /concat-map@0.0.1:
    resolution: {integrity: sha1-2Klr13/Wjfd5OnMDajug1UBdR3s=, tarball: http://npm.htsc/concat-map/download/concat-map-0.0.1.tgz}
    dev: true

  /copy-anything@2.0.6:
    resolution: {integrity: sha1-CSRU6pWEp7etVXMGKyqH9ZAPxIA=, tarball: http://npm.htsc/copy-anything/download/copy-anything-2.0.6.tgz}
    dependencies:
      is-what: 3.14.1
    dev: true

  /debug@3.2.7:
    resolution: {integrity: sha1-clgLfpFF+zm2Z2+cXl+xALk0F5o=, tarball: http://npm.htsc/debug/download/debug-3.2.7.tgz}
    peerDependencies:
      supports-color: '*'
    peerDependenciesMeta:
      supports-color:
        optional: true
    dependencies:
      ms: 2.1.3
    dev: true
    optional: true

  /debug@4.3.4:
    resolution: {integrity: sha1-Exn2V5NX8jONMzfSzdSRS7XcyGU=, tarball: http://npm.htsc/debug/download/debug-4.3.4.tgz}
    engines: {node: '>=6.0'}
    dependencies:
      ms: 2.1.2
    dev: true

  /errno@0.1.8:
    resolution: {integrity: sha1-i7Ppx9Rjvkl2/4iPdrSAnrwugR8=, tarball: http://npm.htsc/errno/download/errno-0.1.8.tgz}
    hasBin: true
    requiresBuild: true
    dependencies:
      prr: 1.0.1
    dev: true
    optional: true

  /esbuild@0.17.19:
    resolution: {integrity: sha1-CHpyfpgpnwRio9C83ZzX/xAL2VU=, tarball: http://npm.htsc/esbuild/download/esbuild-0.17.19.tgz}
    engines: {node: '>=12'}
    hasBin: true
    requiresBuild: true
    optionalDependencies:
      '@esbuild/android-arm': 0.17.19
      '@esbuild/android-arm64': 0.17.19
      '@esbuild/android-x64': 0.17.19
      '@esbuild/darwin-arm64': 0.17.19
      '@esbuild/darwin-x64': 0.17.19
      '@esbuild/freebsd-arm64': 0.17.19
      '@esbuild/freebsd-x64': 0.17.19
      '@esbuild/linux-arm': 0.17.19
      '@esbuild/linux-arm64': 0.17.19
      '@esbuild/linux-ia32': 0.17.19
      '@esbuild/linux-loong64': 0.17.19
      '@esbuild/linux-mips64el': 0.17.19
      '@esbuild/linux-ppc64': 0.17.19
      '@esbuild/linux-riscv64': 0.17.19
      '@esbuild/linux-s390x': 0.17.19
      '@esbuild/linux-x64': 0.17.19
      '@esbuild/netbsd-x64': 0.17.19
      '@esbuild/openbsd-x64': 0.17.19
      '@esbuild/sunos-x64': 0.17.19
      '@esbuild/win32-arm64': 0.17.19
      '@esbuild/win32-ia32': 0.17.19
      '@esbuild/win32-x64': 0.17.19
    dev: true

  /fill-range@7.0.1:
    resolution: {integrity: sha1-GRmmp8df44ssfHflGYU12prN2kA=, tarball: http://npm.htsc/fill-range/download/fill-range-7.0.1.tgz}
    engines: {node: '>=8'}
    dependencies:
      to-regex-range: 5.0.1
    dev: true

  /fs.realpath@1.0.0:
    resolution: {integrity: sha1-FQStJSMVjKpA20onh8sBQRmU6k8=, tarball: http://npm.htsc/fs.realpath/download/fs.realpath-1.0.0.tgz}
    dev: true

  /fsevents@2.3.2:
    resolution: {integrity: sha1-ilJveLj99GI7cJ4Ll1xSwkwC/Ro=, tarball: http://npm.htsc/fsevents/download/fsevents-2.3.2.tgz}
    engines: {node: ^8.16.0 || ^10.6.0 || >=11.0.0}
    requiresBuild: true
    dev: true
    optional: true

  /glob-parent@5.1.2:
    resolution: {integrity: sha1-hpgyxYA0/mikCTwX3BXoNA2EAcQ=, tarball: http://npm.htsc/glob-parent/download/glob-parent-5.1.2.tgz}
    engines: {node: '>= 6'}
    dependencies:
      is-glob: 4.0.3
    dev: true

  /glob@7.2.3:
    resolution: {integrity: sha1-uN8PuAK7+o6JvR2Ti04WV47UTys=, tarball: http://npm.htsc/glob/download/glob-7.2.3.tgz}
    dependencies:
      fs.realpath: 1.0.0
      inflight: 1.0.6
      inherits: 2.0.4
      minimatch: 3.1.2
      once: 1.4.0
      path-is-absolute: 1.0.1
    dev: true

  /graceful-fs@4.2.11:
    resolution: {integrity: sha1-QYPk6L8Iu24Fu7L30uDI9xLKQOM=, tarball: http://npm.htsc/graceful-fs/download/graceful-fs-4.2.11.tgz}
    requiresBuild: true
    dev: true
    optional: true

  /iconv-lite@0.6.3:
    resolution: {integrity: sha1-pS+AvzjaGVLrXGgXkHGYcaGnJQE=, tarball: http://npm.htsc/iconv-lite/download/iconv-lite-0.6.3.tgz}
    engines: {node: '>=0.10.0'}
    dependencies:
      safer-buffer: 2.1.2
    dev: true
    optional: true

  /image-size@0.5.5:
    resolution: {integrity: sha1-Cd/Uq50g4p6xw+gLiZA3jfnjy5w=, tarball: http://npm.htsc/image-size/download/image-size-0.5.5.tgz}
    engines: {node: '>=0.10.0'}
    hasBin: true
    requiresBuild: true
    dev: true
    optional: true

  /immutable@4.3.0:
    resolution: {integrity: sha1-6xc48U/7Of0Gix2+EpYRdITdNL4=, tarball: http://npm.htsc/immutable/download/immutable-4.3.0.tgz}
    dev: true

  /inflight@1.0.6:
    resolution: {integrity: sha1-Sb1jMdfQLQwJvJEKEHW6gWW1bfk=, tarball: http://npm.htsc/inflight/download/inflight-1.0.6.tgz}
    dependencies:
      once: 1.4.0
      wrappy: 1.0.2
    dev: true

  /inherits@2.0.4:
    resolution: {integrity: sha1-D6LGT5MpF8NDOg3tVTY6rjdBa3w=, tarball: http://npm.htsc/inherits/download/inherits-2.0.4.tgz}
    dev: true

  /is-binary-path@2.1.0:
    resolution: {integrity: sha1-6h9/O4DwZCNug0cPhsCcJU+0Wwk=, tarball: http://npm.htsc/is-binary-path/download/is-binary-path-2.1.0.tgz}
    engines: {node: '>=8'}
    dependencies:
      binary-extensions: 2.2.0
    dev: true

  /is-extglob@2.1.1:
    resolution: {integrity: sha1-qIwCU1eR8C7TfHahueqXc8gz+MI=, tarball: http://npm.htsc/is-extglob/download/is-extglob-2.1.1.tgz}
    engines: {node: '>=0.10.0'}
    dev: true

  /is-glob@4.0.3:
    resolution: {integrity: sha1-ZPYeQsu7LuwgcanawLKLoeZdUIQ=, tarball: http://npm.htsc/is-glob/download/is-glob-4.0.3.tgz}
    engines: {node: '>=0.10.0'}
    dependencies:
      is-extglob: 2.1.1
    dev: true

  /is-number@7.0.0:
    resolution: {integrity: sha1-dTU0W4lnNNX4DE0GxQlVUnoU8Ss=, tarball: http://npm.htsc/is-number/download/is-number-7.0.0.tgz}
    engines: {node: '>=0.12.0'}
    dev: true

  /is-what@3.14.1:
    resolution: {integrity: sha1-4SIvRt3ahd6tD9HJ3xMXYOd3VcE=, tarball: http://npm.htsc/is-what/download/is-what-3.14.1.tgz}
    dev: true

  /jsonc-parser@3.2.0:
    resolution: {integrity: sha1-Mf8/TCuXk/icZyEmJ8UcY5T4jnY=, tarball: http://npm.htsc/jsonc-parser/download/jsonc-parser-3.2.0.tgz}
    dev: true

  /less@4.1.3:
    resolution: {integrity: sha1-F1vp3cv5slAXPgoAtNaSClt3AkY=, tarball: http://npm.htsc/less/download/less-4.1.3.tgz}
    engines: {node: '>=6'}
    hasBin: true
    dependencies:
      copy-anything: 2.0.6
      parse-node-version: 1.0.1
      tslib: 2.5.2
    optionalDependencies:
      errno: 0.1.8
      graceful-fs: 4.2.11
      image-size: 0.5.5
      make-dir: 2.1.0
      mime: 1.6.0
      needle: 3.2.0
      source-map: 0.6.1
    transitivePeerDependencies:
      - supports-color
    dev: true

  /make-dir@2.1.0:
    resolution: {integrity: sha1-XwMQ4YuL6JjMBwCSlaMK5B6R5vU=, tarball: http://npm.htsc/make-dir/download/make-dir-2.1.0.tgz}
    engines: {node: '>=6'}
    requiresBuild: true
    dependencies:
      pify: 4.0.1
      semver: 5.7.1
    dev: true
    optional: true

  /mime@1.6.0:
    resolution: {integrity: sha1-Ms2eXGRVO9WNGaVor0Uqz/BJgbE=, tarball: http://npm.htsc/mime/download/mime-1.6.0.tgz}
    engines: {node: '>=4'}
    hasBin: true
    requiresBuild: true
    dev: true
    optional: true

  /minimatch@3.1.2:
    resolution: {integrity: sha1-Gc0ZS/0+Qo8EmnCBfAONiatL41s=, tarball: http://npm.htsc/minimatch/download/minimatch-3.1.2.tgz}
    dependencies:
      brace-expansion: 1.1.11
    dev: true

  /mlly@1.2.1:
    resolution: {integrity: sha1-zVAVH1cStlHFw3kIUVe83/ZhEzs=, tarball: http://npm.htsc/mlly/download/mlly-1.2.1.tgz}
    dependencies:
      acorn: 8.8.2
      pathe: 1.1.0
      pkg-types: 1.0.3
      ufo: 1.1.2
    dev: true

  /ms@2.1.2:
    resolution: {integrity: sha1-0J0fNXtEP0kzgqjrPM0YOHKuYAk=, tarball: http://npm.htsc/ms/download/ms-2.1.2.tgz}
    dev: true

  /ms@2.1.3:
    resolution: {integrity: sha1-V0yBOM4dK1hh8LRFedut1gxmFbI=, tarball: http://npm.htsc/ms/download/ms-2.1.3.tgz}
    dev: true
    optional: true

  /nanoid@3.3.6:
    resolution: {integrity: sha1-RDOAyFbW6fmCQmfZYLQjatWD6kw=, tarball: http://npm.htsc/nanoid/download/nanoid-3.3.6.tgz}
    engines: {node: ^10 || ^12 || ^13.7 || ^14 || >=15.0.1}
    hasBin: true
    dev: true

  /needle@3.2.0:
    resolution: {integrity: sha1-B9JA68q/1lx2wDr65/be/mRp30Q=, tarball: http://npm.htsc/needle/download/needle-3.2.0.tgz}
    engines: {node: '>= 4.4.x'}
    hasBin: true
    requiresBuild: true
    dependencies:
      debug: 3.2.7
      iconv-lite: 0.6.3
      sax: 1.2.4
    transitivePeerDependencies:
      - supports-color
    dev: true
    optional: true

  /normalize-path@3.0.0:
    resolution: {integrity: sha1-Dc1p/yOhybEf0JeDFmRKA4ghamU=, tarball: http://npm.htsc/normalize-path/download/normalize-path-3.0.0.tgz}
    engines: {node: '>=0.10.0'}
    dev: true

  /once@1.4.0:
    resolution: {integrity: sha1-WDsap3WWHUsROsF9nFC6753Xa9E=, tarball: http://npm.htsc/once/download/once-1.4.0.tgz}
    dependencies:
      wrappy: 1.0.2
    dev: true

  /parse-node-version@1.0.1:
    resolution: {integrity: sha1-4rXb7eAOf6m8NjYH9TMn6LBzGJs=, tarball: http://npm.htsc/parse-node-version/download/parse-node-version-1.0.1.tgz}
    engines: {node: '>= 0.10'}
    dev: true

  /path-is-absolute@1.0.1:
    resolution: {integrity: sha1-F0uSaHNVNP+8es5r9TpanhtcX18=, tarball: http://npm.htsc/path-is-absolute/download/path-is-absolute-1.0.1.tgz}
    engines: {node: '>=0.10.0'}
    dev: true

  /pathe@0.2.0:
    resolution: {integrity: sha1-MP17vgoNkfDmC65iH10Z6eIlwzk=, tarball: http://npm.htsc/pathe/download/pathe-0.2.0.tgz}
    dev: true

  /pathe@1.1.0:
    resolution: {integrity: sha1-4uE/bGKzGjKJr0uhmIbCMPKV7AM=, tarball: http://npm.htsc/pathe/download/pathe-1.1.0.tgz}
    dev: true

  /picocolors@1.0.0:
    resolution: {integrity: sha1-y1vcdP8/UYkiNur3nWi8RFZKuBw=, tarball: http://npm.htsc/picocolors/download/picocolors-1.0.0.tgz}
    dev: true

  /picomatch@2.3.1:
    resolution: {integrity: sha1-O6ODNzNkbZ0+SZWUbBNlpn+wekI=, tarball: http://npm.htsc/picomatch/download/picomatch-2.3.1.tgz}
    engines: {node: '>=8.6'}
    dev: true

  /pify@4.0.1:
    resolution: {integrity: sha1-SyzSXFDVmHNcUCkiJP2MbfQeMjE=, tarball: http://npm.htsc/pify/download/pify-4.0.1.tgz}
    engines: {node: '>=6'}
    dev: true
    optional: true

  /pkg-types@1.0.3:
    resolution: {integrity: sha1-mItCqxklTAFhTRP09los/HiA+Gg=, tarball: http://npm.htsc/pkg-types/download/pkg-types-1.0.3.tgz}
    dependencies:
      jsonc-parser: 3.2.0
      mlly: 1.2.1
      pathe: 1.1.0
    dev: true

  /postcss@8.4.23:
    resolution: {integrity: sha1-3wrumsfF5T4QdcJKNhNJb55lUqs=, tarball: http://npm.htsc/postcss/download/postcss-8.4.23.tgz}
    engines: {node: ^10 || ^12 || >=14}
    dependencies:
      nanoid: 3.3.6
      picocolors: 1.0.0
      source-map-js: 1.0.2
    dev: true

  /prr@1.0.1:
    resolution: {integrity: sha1-0/wRS6BplaRexok/SEzrHXj19HY=, tarball: http://npm.htsc/prr/download/prr-1.0.1.tgz}
    dev: true
    optional: true

  /readdirp@3.6.0:
    resolution: {integrity: sha1-dKNwvYVxFuJFspzJc0DNQxoCpsc=, tarball: http://npm.htsc/readdirp/download/readdirp-3.6.0.tgz}
    engines: {node: '>=8.10.0'}
    dependencies:
      picomatch: 2.3.1
    dev: true

  /rollup@3.22.0:
    resolution: {integrity: sha1-5mcbrr3UcxVKx5mLvFf6q817uiA=, tarball: http://npm.htsc/rollup/download/rollup-3.22.0.tgz}
    engines: {node: '>=14.18.0', npm: '>=8.0.0'}
    hasBin: true
    optionalDependencies:
      fsevents: 2.3.2
    dev: true

  /safer-buffer@2.1.2:
    resolution: {integrity: sha1-RPoWGwGHuVSd2Eu5GAL5vYOFzWo=, tarball: http://npm.htsc/safer-buffer/download/safer-buffer-2.1.2.tgz}
    dev: true
    optional: true

  /sass@1.62.1:
    resolution: {integrity: sha1-yqjWvwmJNbyS/HP6Fp+zeQys0Ck=, tarball: http://npm.htsc/sass/download/sass-1.62.1.tgz}
    engines: {node: '>=14.0.0'}
    hasBin: true
    dependencies:
      chokidar: 3.5.3
      immutable: 4.3.0
      source-map-js: 1.0.2
    dev: true

  /sax@1.2.4:
    resolution: {integrity: sha1-KBYjTiN4vdxOU1T6tcqold9xANk=, tarball: http://npm.htsc/sax/download/sax-1.2.4.tgz}
    dev: true

  /semver@5.7.1:
    resolution: {integrity: sha1-qVT5Ma66UI0we78Gnv8MAclhFvc=, tarball: http://npm.htsc/semver/download/semver-5.7.1.tgz}
    hasBin: true
    dev: true
    optional: true

  /source-map-js@1.0.2:
    resolution: {integrity: sha1-rbw2HZxi3zgBJefxYfccgm8eSQw=, tarball: http://npm.htsc/source-map-js/download/source-map-js-1.0.2.tgz}
    engines: {node: '>=0.10.0'}
    dev: true

  /source-map-support@0.5.21:
    resolution: {integrity: sha1-BP58f54e0tZiIzwoyys1ufY/bk8=, tarball: http://npm.htsc/source-map-support/download/source-map-support-0.5.21.tgz}
    dependencies:
      buffer-from: 1.1.2
      source-map: 0.6.1
    dev: true

  /source-map@0.6.1:
    resolution: {integrity: sha1-dHIq8y6WFOnCh6jQu95IteLxomM=, tarball: http://npm.htsc/source-map/download/source-map-0.6.1.tgz}
    engines: {node: '>=0.10.0'}
    dev: true

  /source-map@0.7.4:
    resolution: {integrity: sha1-qbvnBcnYhG9OCP9nZazw8bCJhlY=, tarball: http://npm.htsc/source-map/download/source-map-0.7.4.tgz}
    engines: {node: '>= 8'}
    dev: true

  /stylus@0.59.0:
    resolution: {integrity: sha1-o0TVkyeHFCoUGUZTbW4k5qa+eqY=, tarball: http://npm.htsc/stylus/download/stylus-0.59.0.tgz}
    hasBin: true
    dependencies:
      '@adobe/css-tools': 4.2.0
      debug: 4.3.4
      glob: 7.2.3
      sax: 1.2.4
      source-map: 0.7.4
    dev: true

  /sugarss@4.0.1(postcss@8.4.23):
    resolution: {integrity: sha1-Eop4Ptce4Pw7SJzh99Wom8HiQ4M=, tarball: http://npm.htsc/sugarss/download/sugarss-4.0.1.tgz}
    engines: {node: '>=12.0'}
    peerDependencies:
      postcss: ^8.3.3
    dependencies:
      postcss: 8.4.23
    dev: true

  /terser@5.17.6:
    resolution: {integrity: sha1-2BDnXhuzNQx5nNkOvv4ZyUEsEt4=, tarball: http://npm.htsc/terser/download/terser-5.17.6.tgz}
    engines: {node: '>=10'}
    hasBin: true
    dependencies:
      '@jridgewell/source-map': 0.3.3
      acorn: 8.8.2
      commander: 2.20.3
      source-map-support: 0.5.21
    dev: true

  /to-regex-range@5.0.1:
    resolution: {integrity: sha1-FkjESq58jZiKMmAY7XL1tN0DkuQ=, tarball: http://npm.htsc/to-regex-range/download/to-regex-range-5.0.1.tgz}
    engines: {node: '>=8.0'}
    dependencies:
      is-number: 7.0.0
    dev: true

  /tslib@2.5.2:
    resolution: {integrity: sha1-G28HGFyIFVew/6hLERoBBpiegzg=, tarball: http://npm.htsc/tslib/download/tslib-2.5.2.tgz}
    dev: true

  /typescript@5.0.4:
    resolution: {integrity: sha1-shf9IBGb1hqU1AESdOCrNpBY2js=, tarball: http://npm.htsc/typescript/download/typescript-5.0.4.tgz}
    engines: {node: '>=12.20'}
    hasBin: true
    dev: true

  /ufo@1.1.2:
    resolution: {integrity: sha1-0Nng+gnezgwx/9V702PwMKNc/nY=, tarball: http://npm.htsc/ufo/download/ufo-1.1.2.tgz}
    dev: true

  /vite-node@0.25.8(@types/node@20.2.3)(less@4.1.3)(sass@1.62.1)(stylus@0.59.0)(sugarss@4.0.1)(terser@5.17.6):
    resolution: {integrity: sha1-sUd+nYS56G3dxVlUIXmuPTSiZOk=, tarball: http://npm.htsc/vite-node/download/vite-node-0.25.8.tgz}
    engines: {node: '>=v14.16.0'}
    hasBin: true
    dependencies:
      debug: 4.3.4
      mlly: 1.2.1
      pathe: 0.2.0
      source-map: 0.6.1
      source-map-support: 0.5.21
      vite: 4.3.8(@types/node@20.2.3)(less@4.1.3)(sass@1.62.1)(stylus@0.59.0)(sugarss@4.0.1)(terser@5.17.6)
    transitivePeerDependencies:
      - '@types/node'
      - less
      - sass
      - stylus
      - sugarss
      - terser
    dev: true

  /vite@4.3.8(@types/node@20.2.3)(less@4.1.3)(sass@1.62.1)(stylus@0.59.0)(sugarss@4.0.1)(terser@5.17.6):
    resolution: {integrity: sha1-cM1qKUq1LX+4839bxj0RfdGemRg=, tarball: http://npm.htsc/vite/download/vite-4.3.8.tgz}
    engines: {node: ^14.18.0 || >=16.0.0}
    hasBin: true
    peerDependencies:
      '@types/node': '>= 14'
      less: '*'
      sass: '*'
      stylus: '*'
      sugarss: '*'
      terser: ^5.4.0
    peerDependenciesMeta:
      '@types/node':
        optional: true
      less:
        optional: true
      sass:
        optional: true
      stylus:
        optional: true
      sugarss:
        optional: true
      terser:
        optional: true
    dependencies:
      '@types/node': 20.2.3
      esbuild: 0.17.19
      less: 4.1.3
      postcss: 8.4.23
      rollup: 3.22.0
      sass: 1.62.1
      stylus: 0.59.0
      sugarss: 4.0.1(postcss@8.4.23)
      terser: 5.17.6
    optionalDependencies:
      fsevents: 2.3.2
    dev: true

  /wrappy@1.0.2:
    resolution: {integrity: sha1-tSQ9jz7BqjXxNkYFvA0QNuMKtp8=, tarball: http://npm.htsc/wrappy/download/wrappy-1.0.2.tgz}
    dev: true

  registry.npmjs.org/vite-node-dev@2.0.0(@types/node@20.2.3)(less@4.1.3)(sass@1.62.1)(stylus@0.59.0)(sugarss@4.0.1)(terser@5.17.6):
    resolution: {integrity: sha512-L992BB5mnoG9+9UATb+irFRRYMCGecZuItEuDBkjVZU7DmjlkBvurDcBcXbTSJbniJS2ihH/4vSp5/qJHr+Stw==, registry: http://npm.htsc/, tarball: https://registry.npmjs.org/vite-node-dev/-/vite-node-dev-2.0.0.tgz}
    id: registry.npmjs.org/vite-node-dev/2.0.0
    name: vite-node-dev
    version: 2.0.0
    hasBin: true
    requiresBuild: true
    dependencies:
      colorette: 2.0.20
      commander: 9.5.0
      vite: 4.3.8(@types/node@20.2.3)(less@4.1.3)(sass@1.62.1)(stylus@0.59.0)(sugarss@4.0.1)(terser@5.17.6)
      vite-node: 0.25.8(@types/node@20.2.3)(less@4.1.3)(sass@1.62.1)(stylus@0.59.0)(sugarss@4.0.1)(terser@5.17.6)
    transitivePeerDependencies:
      - '@types/node'
      - less
      - sass
      - stylus
      - sugarss
      - terser
    dev: true
